
Microsoft Visual Studio Solution File, Format Version 12.00
# Visual Studio Version 16
VisualStudioVersion = 16.0.29926.136
MinimumVisualStudioVersion = 10.0.40219.1
Project("{FAE04EC0-301F-11D3-BF4B-00C04F79EFBC}") = "Lab1", "Lab1\Lab1.csproj", "{059BE896-D079-451C-B369-6A99AB73C890}"
EndProject
Global
	GlobalSection(SolutionConfigurationPlatforms) = preSolution
		Debug|Any CPU = Debug|Any CPU
		Release|Any CPU = Release|Any CPU
	EndGlobalSection
	GlobalSection(ProjectConfigurationPlatforms) = postSolution
		{059BE896-D079-451C-B369-6A99AB73C890}.Debug|Any CPU.ActiveCfg = Debug|Any CPU
		{059BE896-D079-451C-B369-6A99AB73C890}.Debug|Any CPU.Build.0 = Debug|Any CPU
		{059BE896-D079-451C-B369-6A99AB73C890}.Release|Any CPU.ActiveCfg = Release|Any CPU
		{059BE896-D079-451C-B369-6A99AB73C890}.Release|Any CPU.Build.0 = Release|Any CPU
	EndGlobalSection
	GlobalSection(SolutionProperties) = preSolution
		HideSolutionNode = FALSE
	EndGlobalSection
	GlobalSection(ExtensibilityGlobals) = postSolution
		SolutionGuid = {417202D2-D5A5-4EA8-978B-1E949459A6DC}
	EndGlobalSection
EndGlobal
